
Microsoft Visual Studio Solution File, Format Version 12.00
# Visual Studio Version 17
VisualStudioVersion = 17.11.35222.181
MinimumVisualStudioVersion = 10.0.40219.1
Project("{FAE04EC0-301F-11D3-BF4B-00C04F79EFBC}") = "SistemaDeliveryWeb", "SistemaDeliveryWeb\SistemaDeliveryWeb.csproj", "{AF235E21-2890-4A5A-A2F0-57E4210AF5DE}"
EndProject
Global
	GlobalSection(SolutionConfigurationPlatforms) = preSolution
		Debug|Any CPU = Debug|Any CPU
		Release|Any CPU = Release|Any CPU
	EndGlobalSection
	GlobalSection(ProjectConfigurationPlatforms) = postSolution
		{AF235E21-2890-4A5A-A2F0-57E4210AF5DE}.Debug|Any CPU.ActiveCfg = Debug|Any CPU
		{AF235E21-2890-4A5A-A2F0-57E4210AF5DE}.Debug|Any CPU.Build.0 = Debug|Any CPU
		{AF235E21-2890-4A5A-A2F0-57E4210AF5DE}.Release|Any CPU.ActiveCfg = Release|Any CPU
		{AF235E21-2890-4A5A-A2F0-57E4210AF5DE}.Release|Any CPU.Build.0 = Release|Any CPU
	EndGlobalSection
	GlobalSection(SolutionProperties) = preSolution
		HideSolutionNode = FALSE
	EndGlobalSection
	GlobalSection(ExtensibilityGlobals) = postSolution
		SolutionGuid = {485079DF-7EEE-4731-A916-ADC2ADD7FC1C}
	EndGlobalSection
EndGlobal
